// !$*UTF8*$!
{
	archiveVersion = 1;
	classes = {
	};
	objectVersion = 46;
	objects = {

/* Begin PBXGroup section */
		63F7A4011D9EBEE1004E9CBC = {
			isa = PBXGroup;
			children = (
			);
			sourceTree = "<group>";
		};
/* End PBXGroup section */

/* Begin PBXProject section */
		63F7A4021D9EBEE1004E9CBC /* Project object */ = {
			isa = PBXProject;
			attributes = {
				LastUpgradeCheck = 0620;
			};
			buildConfigurationList = 63F7A4051D9EBEE1004E9CBC /* Build configuration list for PBXProject "CI" */;
			compatibilityVersion = "Xcode 3.2";
			developmentRegion = English;
			hasScannedForEncodings = 0;
			knownRegions = (
				en,
			);
			mainGroup = 63F7A4011D9EBEE1004E9CBC;
			projectDirPath = "";
			projectRoot = "";
			targets = (
			);
		};
/* End PBXProject section */

/* Begin XCBuildConfiguration section */
		63F7A4061D9EBEE1004E9CBC /* Debug */ = {
			isa = XCBuildConfiguration;
			buildSettings = {
			};
			name = Debug;
		};
		63F7A4071D9EBEE1004E9CBC /* Release */ = {
			isa = XCBuildConfiguration;
			buildSettings = {
			};
			name = Release;
		};
/* End XCBuildConfiguration section */

/* Begin XCConfigurationList section */
		63F7A4051D9EBEE1004E9CBC /* Build configuration list for PBXProject "CI" */ = {
			isa = XCConfigurationList;
			buildConfigurations = (
				63F7A4061D9EBEE1004E9CBC /* Debug */,
				63F7A4071D9EBEE1004E9CBC /* Release */,
			);
			defaultConfigurationIsVisible = 0;
			defaultConfigurationName = Release;
		};
/* End XCConfigurationList section */
	};
	rootObject = 63F7A4021D9EBEE1004E9CBC /* Project object */;
}
